// !$*UTF8*$!
{
	archiveVersion = 1;
	classes = {
	};
	objectVersion = 50;
	objects = {

/* Begin PBXBuildFile section */
		141ECFFA22AF6EC6003104D5 /* AppDelegate.swift in Sources */ = {isa = PBXBuildFile; fileRef = 141ECFF922AF6EC6003104D5 /* AppDelegate.swift */; };
		141ECFFC22AF6EC6003104D5 /* AlbumListView.swift in Sources */ = {isa = PBXBuildFile; fileRef = 141ECFFB22AF6EC6003104D5 /* AlbumListView.swift */; };
		141ECFFE22AF6EC7003104D5 /* Assets.xcassets in Resources */ = {isa = PBXBuildFile; fileRef = 141ECFFD22AF6EC7003104D5 /* Assets.xcassets */; };
		141ED00422AF6EC7003104D5 /* Main.storyboard in Resources */ = {isa = PBXBuildFile; fileRef = 141ED00222AF6EC7003104D5 /* Main.storyboard */; };
		145764CE22D1CBE7001CDC5A /* AlbumView.swift in Sources */ = {isa = PBXBuildFile; fileRef = 145764CD22D1CBE7001CDC5A /* AlbumView.swift */; };
		145764D022D1CCC2001CDC5A /* Playlist.swift in Sources */ = {isa = PBXBuildFile; fileRef = 145764CF22D1CCC2001CDC5A /* Playlist.swift */; };
		145764D222D1CCD4001CDC5A /* EventManager.swift in Sources */ = {isa = PBXBuildFile; fileRef = 145764D122D1CCD4001CDC5A /* EventManager.swift */; };
		145764D422D1CD04001CDC5A /* PlaylistsModel.swift in Sources */ = {isa = PBXBuildFile; fileRef = 145764D322D1CD04001CDC5A /* PlaylistsModel.swift */; };
		145764D622D1CDA5001CDC5A /* FloatingBlurWindowController+Processing.swift in Sources */ = {isa = PBXBuildFile; fileRef = 145764D522D1CDA5001CDC5A /* FloatingBlurWindowController+Processing.swift */; };
		14A0D05422D1BBCF00B5C94C /* AuthenticationManager.swift in Sources */ = {isa = PBXBuildFile; fileRef = 14A0D05322D1BBCF00B5C94C /* AuthenticationManager.swift */; };
		14A0D05622D1BBE500B5C94C /* Configuration.swift in Sources */ = {isa = PBXBuildFile; fileRef = 14A0D05522D1BBE500B5C94C /* Configuration.swift */; };
		14A0D05822D1BBEC00B5C94C /* Configuration.plist in Resources */ = {isa = PBXBuildFile; fileRef = 14A0D05722D1BBEC00B5C94C /* Configuration.plist */; };
		14A0D05A22D1BC6000B5C94C /* Result.swift in Sources */ = {isa = PBXBuildFile; fileRef = 14A0D05922D1BC6000B5C94C /* Result.swift */; };
		14A0D05C22D1C85A00B5C94C /* FloatingBlurWindowController.swift in Sources */ = {isa = PBXBuildFile; fileRef = 14A0D05B22D1C85A00B5C94C /* FloatingBlurWindowController.swift */; };
/* End PBXBuildFile section */

/* Begin PBXFileReference section */
		141ECFF622AF6EC6003104D5 /* PlaylistSwitcher.app */ = {isa = PBXFileReference; explicitFileType = wrapper.application; includeInIndex = 0; path = PlaylistSwitcher.app; sourceTree = BUILT_PRODUCTS_DIR; };
		141ECFF922AF6EC6003104D5 /* AppDelegate.swift */ = {isa = PBXFileReference; lastKnownFileType = sourcecode.swift; path = AppDelegate.swift; sourceTree = "<group>"; };
		141ECFFB22AF6EC6003104D5 /* AlbumListView.swift */ = {isa = PBXFileReference; lastKnownFileType = sourcecode.swift; path = AlbumListView.swift; sourceTree = "<group>"; };
		141ECFFD22AF6EC7003104D5 /* Assets.xcassets */ = {isa = PBXFileReference; lastKnownFileType = folder.assetcatalog; path = Assets.xcassets; sourceTree = "<group>"; };
		141ED00322AF6EC7003104D5 /* Base */ = {isa = PBXFileReference; lastKnownFileType = file.storyboard; name = Base; path = Base.lproj/Main.storyboard; sourceTree = "<group>"; };
		141ED00522AF6EC7003104D5 /* Info.plist */ = {isa = PBXFileReference; lastKnownFileType = text.plist.xml; path = Info.plist; sourceTree = "<group>"; };
		141ED00622AF6EC7003104D5 /* FloatingBrowser.entitlements */ = {isa = PBXFileReference; lastKnownFileType = text.plist.entitlements; path = FloatingBrowser.entitlements; sourceTree = "<group>"; };
		145764CD22D1CBE7001CDC5A /* AlbumView.swift */ = {isa = PBXFileReference; lastKnownFileType = sourcecode.swift; path = AlbumView.swift; sourceTree = "<group>"; };
		145764CF22D1CCC2001CDC5A /* Playlist.swift */ = {isa = PBXFileReference; lastKnownFileType = sourcecode.swift; path = Playlist.swift; sourceTree = "<group>"; };
		145764D122D1CCD4001CDC5A /* EventManager.swift */ = {isa = PBXFileReference; lastKnownFileType = sourcecode.swift; path = EventManager.swift; sourceTree = "<group>"; };
		145764D322D1CD04001CDC5A /* PlaylistsModel.swift */ = {isa = PBXFileReference; lastKnownFileType = sourcecode.swift; path = PlaylistsModel.swift; sourceTree = "<group>"; };
		145764D522D1CDA5001CDC5A /* FloatingBlurWindowController+Processing.swift */ = {isa = PBXFileReference; lastKnownFileType = sourcecode.swift; path = "FloatingBlurWindowController+Processing.swift"; sourceTree = "<group>"; };
		14A0D05322D1BBCF00B5C94C /* AuthenticationManager.swift */ = {isa = PBXFileReference; fileEncoding = 4; lastKnownFileType = sourcecode.swift; path = AuthenticationManager.swift; sourceTree = "<group>"; };
		14A0D05522D1BBE500B5C94C /* Configuration.swift */ = {isa = PBXFileReference; fileEncoding = 4; lastKnownFileType = sourcecode.swift; path = Configuration.swift; sourceTree = "<group>"; };
		14A0D05722D1BBEC00B5C94C /* Configuration.plist */ = {isa = PBXFileReference; fileEncoding = 4; lastKnownFileType = text.plist.xml; path = Configuration.plist; sourceTree = "<group>"; };
		14A0D05922D1BC6000B5C94C /* Result.swift */ = {isa = PBXFileReference; fileEncoding = 4; lastKnownFileType = sourcecode.swift; path = Result.swift; sourceTree = "<group>"; };
		14A0D05B22D1C85A00B5C94C /* FloatingBlurWindowController.swift */ = {isa = PBXFileReference; lastKnownFileType = sourcecode.swift; path = FloatingBlurWindowController.swift; sourceTree = "<group>"; };
/* End PBXFileReference section */

/* Begin PBXFrameworksBuildPhase section */
		141ECFF322AF6EC6003104D5 /* Frameworks */ = {
			isa = PBXFrameworksBuildPhase;
			buildActionMask = 2147483647;
			files = (
			);
			runOnlyForDeploymentPostprocessing = 0;
		};
/* End PBXFrameworksBuildPhase section */

/* Begin PBXGroup section */
		141ECFED22AF6EC5003104D5 = {
			isa = PBXGroup;
			children = (
				141ECFF822AF6EC6003104D5 /* PlaylistSwitcher */,
				141ECFF722AF6EC6003104D5 /* Products */,
			);
			sourceTree = "<group>";
		};
		141ECFF722AF6EC6003104D5 /* Products */ = {
			isa = PBXGroup;
			children = (
				141ECFF622AF6EC6003104D5 /* PlaylistSwitcher.app */,
			);
			name = Products;
			sourceTree = "<group>";
		};
		141ECFF822AF6EC6003104D5 /* PlaylistSwitcher */ = {
			isa = PBXGroup;
			children = (
				141ECFF922AF6EC6003104D5 /* AppDelegate.swift */,
				145764D122D1CCD4001CDC5A /* EventManager.swift */,
				145764CF22D1CCC2001CDC5A /* Playlist.swift */,
				145764D322D1CD04001CDC5A /* PlaylistsModel.swift */,
				145764CD22D1CBE7001CDC5A /* AlbumView.swift */,
				141ECFFB22AF6EC6003104D5 /* AlbumListView.swift */,
				14A0D05B22D1C85A00B5C94C /* FloatingBlurWindowController.swift */,
				145764D522D1CDA5001CDC5A /* FloatingBlurWindowController+Processing.swift */,
				14A0D05322D1BBCF00B5C94C /* AuthenticationManager.swift */,
				14A0D05522D1BBE500B5C94C /* Configuration.swift */,
				14A0D05722D1BBEC00B5C94C /* Configuration.plist */,
				14A0D05922D1BC6000B5C94C /* Result.swift */,
				141ECFFD22AF6EC7003104D5 /* Assets.xcassets */,
				141ED00222AF6EC7003104D5 /* Main.storyboard */,
				141ED00522AF6EC7003104D5 /* Info.plist */,
				141ED00622AF6EC7003104D5 /* FloatingBrowser.entitlements */,
			);
			path = PlaylistSwitcher;
			sourceTree = "<group>";
		};
/* End PBXGroup section */

/* Begin PBXNativeTarget section */
		141ECFF522AF6EC6003104D5 /* PlaylistSwitcher */ = {
			isa = PBXNativeTarget;
			buildConfigurationList = 141ED00922AF6EC7003104D5 /* Build configuration list for PBXNativeTarget "PlaylistSwitcher" */;
			buildPhases = (
				141ECFF222AF6EC6003104D5 /* Sources */,
				141ECFF322AF6EC6003104D5 /* Frameworks */,
				141ECFF422AF6EC6003104D5 /* Resources */,
			);
			buildRules = (
			);
			dependencies = (
			);
			name = PlaylistSwitcher;
			productName = FloatingBrowser;
			productReference = 141ECFF622AF6EC6003104D5 /* PlaylistSwitcher.app */;
			productType = "com.apple.product-type.application";
		};
/* End PBXNativeTarget section */

/* Begin PBXProject section */
		141ECFEE22AF6EC5003104D5 /* Project object */ = {
			isa = PBXProject;
			attributes = {
				LastSwiftUpdateCheck = 1100;
				LastUpgradeCheck = 1100;
				ORGANIZATIONNAME = "Andrew Finke";
				TargetAttributes = {
					141ECFF522AF6EC6003104D5 = {
						CreatedOnToolsVersion = 11.0;
					};
				};
			};
			buildConfigurationList = 141ECFF122AF6EC5003104D5 /* Build configuration list for PBXProject "PlaylistSwitcher" */;
			compatibilityVersion = "Xcode 9.3";
			developmentRegion = en;
			hasScannedForEncodings = 0;
			knownRegions = (
				en,
				Base,
			);
			mainGroup = 141ECFED22AF6EC5003104D5;
			productRefGroup = 141ECFF722AF6EC6003104D5 /* Products */;
			projectDirPath = "";
			projectRoot = "";
			targets = (
				141ECFF522AF6EC6003104D5 /* PlaylistSwitcher */,
			);
		};
/* End PBXProject section */

/* Begin PBXResourcesBuildPhase section */
		141ECFF422AF6EC6003104D5 /* Resources */ = {
			isa = PBXResourcesBuildPhase;
			buildActionMask = 2147483647;
			files = (
				14A0D05822D1BBEC00B5C94C /* Configuration.plist in Resources */,
				141ED00422AF6EC7003104D5 /* Main.storyboard in Resources */,
				141ECFFE22AF6EC7003104D5 /* Assets.xcassets in Resources */,
			);
			runOnlyForDeploymentPostprocessing = 0;
		};
/* End PBXResourcesBuildPhase section */

/* Begin PBXSourcesBuildPhase section */
		141ECFF222AF6EC6003104D5 /* Sources */ = {
			isa = PBXSourcesBuildPhase;
			buildActionMask = 2147483647;
			files = (
				145764D222D1CCD4001CDC5A /* EventManager.swift in Sources */,
				145764D422D1CD04001CDC5A /* PlaylistsModel.swift in Sources */,
				14A0D05422D1BBCF00B5C94C /* AuthenticationManager.swift in Sources */,
				14A0D05A22D1BC6000B5C94C /* Result.swift in Sources */,
				141ECFFC22AF6EC6003104D5 /* AlbumListView.swift in Sources */,
				145764D022D1CCC2001CDC5A /* Playlist.swift in Sources */,
				145764CE22D1CBE7001CDC5A /* AlbumView.swift in Sources */,
				145764D622D1CDA5001CDC5A /* FloatingBlurWindowController+Processing.swift in Sources */,
				14A0D05622D1BBE500B5C94C /* Configuration.swift in Sources */,
				14A0D05C22D1C85A00B5C94C /* FloatingBlurWindowController.swift in Sources */,
				141ECFFA22AF6EC6003104D5 /* AppDelegate.swift in Sources */,
			);
			runOnlyForDeploymentPostprocessing = 0;
		};
/* End PBXSourcesBuildPhase section */

/* Begin PBXVariantGroup section */
		141ED00222AF6EC7003104D5 /* Main.storyboard */ = {
			isa = PBXVariantGroup;
			children = (
				141ED00322AF6EC7003104D5 /* Base */,
			);
			name = Main.storyboard;
			sourceTree = "<group>";
		};
/* End PBXVariantGroup section */

/* Begin XCBuildConfiguration section */
		141ED00722AF6EC7003104D5 /* Debug */ = {
			isa = XCBuildConfiguration;
			buildSettings = {
				ALWAYS_SEARCH_USER_PATHS = NO;
				CLANG_ANALYZER_NONNULL = YES;
				CLANG_ANALYZER_NUMBER_OBJECT_CONVERSION = YES_AGGRESSIVE;
				CLANG_CXX_LANGUAGE_STANDARD = "gnu++14";
				CLANG_CXX_LIBRARY = "libc++";
				CLANG_ENABLE_MODULES = YES;
				CLANG_ENABLE_OBJC_ARC = YES;
				CLANG_ENABLE_OBJC_WEAK = YES;
				CLANG_WARN_BLOCK_CAPTURE_AUTORELEASING = YES;
				CLANG_WARN_BOOL_CONVERSION = YES;
				CLANG_WARN_COMMA = YES;
				CLANG_WARN_CONSTANT_CONVERSION = YES;
				CLANG_WARN_DEPRECATED_OBJC_IMPLEMENTATIONS = YES;
				CLANG_WARN_DIRECT_OBJC_ISA_USAGE = YES_ERROR;
				CLANG_WARN_DOCUMENTATION_COMMENTS = YES;
				CLANG_WARN_EMPTY_BODY = YES;
				CLANG_WARN_ENUM_CONVERSION = YES;
				CLANG_WARN_INFINITE_RECURSION = YES;
				CLANG_WARN_INT_CONVERSION = YES;
				CLANG_WARN_NON_LITERAL_NULL_CONVERSION = YES;
				CLANG_WARN_OBJC_IMPLICIT_RETAIN_SELF = YES;
				CLANG_WARN_OBJC_LITERAL_CONVERSION = YES;
				CLANG_WARN_OBJC_ROOT_CLASS = YES_ERROR;
				CLANG_WARN_RANGE_LOOP_ANALYSIS = YES;
				CLANG_WARN_STRICT_PROTOTYPES = YES;
				CLANG_WARN_SUSPICIOUS_MOVE = YES;
				CLANG_WARN_UNGUARDED_AVAILABILITY = YES_AGGRESSIVE;
				CLANG_WARN_UNREACHABLE_CODE = YES;
				CLANG_WARN__DUPLICATE_METHOD_MATCH = YES;
				COPY_PHASE_STRIP = NO;
				DEBUG_INFORMATION_FORMAT = dwarf;
				ENABLE_STRICT_OBJC_MSGSEND = YES;
				ENABLE_TESTABILITY = YES;
				GCC_C_LANGUAGE_STANDARD = gnu11;
				GCC_DYNAMIC_NO_PIC = NO;
				GCC_NO_COMMON_BLOCKS = YES;
				GCC_OPTIMIZATION_LEVEL = 0;
				GCC_PREPROCESSOR_DEFINITIONS = (
					"DEBUG=1",
					"$(inherited)",
				);
				GCC_WARN_64_TO_32_BIT_CONVERSION = YES;
				GCC_WARN_ABOUT_RETURN_TYPE = YES_ERROR;
				GCC_WARN_UNDECLARED_SELECTOR = YES;
				GCC_WARN_UNINITIALIZED_AUTOS = YES_AGGRESSIVE;
				GCC_WARN_UNUSED_FUNCTION = YES;
				GCC_WARN_UNUSED_VARIABLE = YES;
				MACOSX_DEPLOYMENT_TARGET = 10.15;
				MTL_ENABLE_DEBUG_INFO = INCLUDE_SOURCE;
				MTL_FAST_MATH = YES;
				ONLY_ACTIVE_ARCH = YES;
				SDKROOT = macosx;
				SWIFT_ACTIVE_COMPILATION_CONDITIONS = DEBUG;
				SWIFT_OPTIMIZATION_LEVEL = "-Onone";
			};
			name = Debug;
		};
		141ED00822AF6EC7003104D5 /* Release */ = {
			isa = XCBuildConfiguration;
			buildSettings = {
				ALWAYS_SEARCH_USER_PATHS = NO;
				CLANG_ANALYZER_NONNULL = YES;
				CLANG_ANALYZER_NUMBER_OBJECT_CONVERSION = YES_AGGRESSIVE;
				CLANG_CXX_LANGUAGE_STANDARD = "gnu++14";
				CLANG_CXX_LIBRARY = "libc++";
				CLANG_ENABLE_MODULES = YES;
				CLANG_ENABLE_OBJC_ARC = YES;
				CLANG_ENABLE_OBJC_WEAK = YES;
				CLANG_WARN_BLOCK_CAPTURE_AUTORELEASING = YES;
				CLANG_WARN_BOOL_CONVERSION = YES;
				CLANG_WARN_COMMA = YES;
				CLANG_WARN_CONSTANT_CONVERSION = YES;
				CLANG_WARN_DEPRECATED_OBJC_IMPLEMENTATIONS = YES;
				CLANG_WARN_DIRECT_OBJC_ISA_USAGE = YES_ERROR;
				CLANG_WARN_DOCUMENTATION_COMMENTS = YES;
				CLANG_WARN_EMPTY_BODY = YES;
				CLANG_WARN_ENUM_CONVERSION = YES;
				CLANG_WARN_INFINITE_RECURSION = YES;
				CLANG_WARN_INT_CONVERSION = YES;
				CLANG_WARN_NON_LITERAL_NULL_CONVERSION = YES;
				CLANG_WARN_OBJC_IMPLICIT_RETAIN_SELF = YES;
				CLANG_WARN_OBJC_LITERAL_CONVERSION = YES;
				CLANG_WARN_OBJC_ROOT_CLASS = YES_ERROR;
				CLANG_WARN_RANGE_LOOP_ANALYSIS = YES;
				CLANG_WARN_STRICT_PROTOTYPES = YES;
				CLANG_WARN_SUSPICIOUS_MOVE = YES;
				CLANG_WARN_UNGUARDED_AVAILABILITY = YES_AGGRESSIVE;
				CLANG_WARN_UNREACHABLE_CODE = YES;
				CLANG_WARN__DUPLICATE_METHOD_MATCH = YES;
				COPY_PHASE_STRIP = NO;
				DEBUG_INFORMATION_FORMAT = "dwarf-with-dsym";
				ENABLE_NS_ASSERTIONS = NO;
				ENABLE_STRICT_OBJC_MSGSEND = YES;
				GCC_C_LANGUAGE_STANDARD = gnu11;
				GCC_NO_COMMON_BLOCKS = YES;
				GCC_WARN_64_TO_32_BIT_CONVERSION = YES;
				GCC_WARN_ABOUT_RETURN_TYPE = YES_ERROR;
				GCC_WARN_UNDECLARED_SELECTOR = YES;
				GCC_WARN_UNINITIALIZED_AUTOS = YES_AGGRESSIVE;
				GCC_WARN_UNUSED_FUNCTION = YES;
				GCC_WARN_UNUSED_VARIABLE = YES;
				MACOSX_DEPLOYMENT_TARGET = 10.15;
				MTL_ENABLE_DEBUG_INFO = NO;
				MTL_FAST_MATH = YES;
				SDKROOT = macosx;
				SWIFT_COMPILATION_MODE = wholemodule;
				SWIFT_OPTIMIZATION_LEVEL = "-O";
			};
			name = Release;
		};
		141ED00A22AF6EC7003104D5 /* Debug */ = {
			isa = XCBuildConfiguration;
			buildSettings = {
				ASSETCATALOG_COMPILER_APPICON_NAME = AppIcon;
				CODE_SIGN_ENTITLEMENTS = "";
				CODE_SIGN_IDENTITY = "Mac Developer";
				CODE_SIGN_STYLE = Manual;
				COMBINE_HIDPI_IMAGES = YES;
				DEVELOPMENT_TEAM = 72S993BNAV;
				ENABLE_HARDENED_RUNTIME = YES;
				ENABLE_PREVIEWS = YES;
				INFOPLIST_FILE = PlaylistSwitcher/Info.plist;
				LD_RUNPATH_SEARCH_PATHS = (
					"$(inherited)",
					"@executable_path/../Frameworks",
				);
				PRODUCT_BUNDLE_IDENTIFIER = com.andrewfinke.PlaylistSwitcher;
				PRODUCT_NAME = "$(TARGET_NAME)";
				SWIFT_VERSION = 5.0;
			};
			name = Debug;
		};
		141ED00B22AF6EC7003104D5 /* Release */ = {
			isa = XCBuildConfiguration;
			buildSettings = {
				ASSETCATALOG_COMPILER_APPICON_NAME = AppIcon;
				CODE_SIGN_ENTITLEMENTS = "";
				CODE_SIGN_IDENTITY = "Mac Developer";
				CODE_SIGN_STYLE = Manual;
				COMBINE_HIDPI_IMAGES = YES;
				DEVELOPMENT_TEAM = 72S993BNAV;
				ENABLE_HARDENED_RUNTIME = YES;
				ENABLE_PREVIEWS = YES;
				INFOPLIST_FILE = PlaylistSwitcher/Info.plist;
				LD_RUNPATH_SEARCH_PATHS = (
					"$(inherited)",
					"@executable_path/../Frameworks",
				);
				PRODUCT_BUNDLE_IDENTIFIER = com.andrewfinke.PlaylistSwitcher;
				PRODUCT_NAME = "$(TARGET_NAME)";
				SWIFT_VERSION = 5.0;
			};
			name = Release;
		};
/* End XCBuildConfiguration section */

/* Begin XCConfigurationList section */
		141ECFF122AF6EC5003104D5 /* Build configuration list for PBXProject "PlaylistSwitcher" */ = {
			isa = XCConfigurationList;
			buildConfigurations = (
				141ED00722AF6EC7003104D5 /* Debug */,
				141ED00822AF6EC7003104D5 /* Release */,
			);
			defaultConfigurationIsVisible = 0;
			defaultConfigurationName = Release;
		};
		141ED00922AF6EC7003104D5 /* Build configuration list for PBXNativeTarget "PlaylistSwitcher" */ = {
			isa = XCConfigurationList;
			buildConfigurations = (
				141ED00A22AF6EC7003104D5 /* Debug */,
				141ED00B22AF6EC7003104D5 /* Release */,
			);
			defaultConfigurationIsVisible = 0;
			defaultConfigurationName = Release;
		};
/* End XCConfigurationList section */
	};
	rootObject = 141ECFEE22AF6EC5003104D5 /* Project object */;
}
